
Microsoft Visual Studio Solution File, Format Version 12.00
# Visual Studio 15
VisualStudioVersion = 15.0.27703.2035
MinimumVisualStudioVersion = 10.0.40219.1
Project("{FAE04EC0-301F-11D3-BF4B-00C04F79EFBC}") = "PooVueling", "PooVueling\PooVueling.csproj", "{F46E88C8-BA06-4155-AF1D-CCC1B00B9E9B}"
EndProject
Project("{FAE04EC0-301F-11D3-BF4B-00C04F79EFBC}") = "PooVueling.Integration.Tests", "PooVueling.Integration.Tests\PooVueling.Integration.Tests.csproj", "{BDD4B2B6-9F5B-4D26-9B94-DC3930FDDB13}"
EndProject
Project("{FAE04EC0-301F-11D3-BF4B-00C04F79EFBC}") = "PooVueling.Unit.Tests", "PooVueling.Unit.Tests\PooVueling.Unit.Tests.csproj", "{5CB4F7E4-13DF-41EF-B96A-315E2F9D819D}"
EndProject
Global
	GlobalSection(SolutionConfigurationPlatforms) = preSolution
		Debug|Any CPU = Debug|Any CPU
		Release|Any CPU = Release|Any CPU
	EndGlobalSection
	GlobalSection(ProjectConfigurationPlatforms) = postSolution
		{F46E88C8-BA06-4155-AF1D-CCC1B00B9E9B}.Debug|Any CPU.ActiveCfg = Debug|Any CPU
		{F46E88C8-BA06-4155-AF1D-CCC1B00B9E9B}.Debug|Any CPU.Build.0 = Debug|Any CPU
		{F46E88C8-BA06-4155-AF1D-CCC1B00B9E9B}.Release|Any CPU.ActiveCfg = Release|Any CPU
		{F46E88C8-BA06-4155-AF1D-CCC1B00B9E9B}.Release|Any CPU.Build.0 = Release|Any CPU
		{BDD4B2B6-9F5B-4D26-9B94-DC3930FDDB13}.Debug|Any CPU.ActiveCfg = Debug|Any CPU
		{BDD4B2B6-9F5B-4D26-9B94-DC3930FDDB13}.Debug|Any CPU.Build.0 = Debug|Any CPU
		{BDD4B2B6-9F5B-4D26-9B94-DC3930FDDB13}.Release|Any CPU.ActiveCfg = Release|Any CPU
		{BDD4B2B6-9F5B-4D26-9B94-DC3930FDDB13}.Release|Any CPU.Build.0 = Release|Any CPU
		{5CB4F7E4-13DF-41EF-B96A-315E2F9D819D}.Debug|Any CPU.ActiveCfg = Debug|Any CPU
		{5CB4F7E4-13DF-41EF-B96A-315E2F9D819D}.Debug|Any CPU.Build.0 = Debug|Any CPU
		{5CB4F7E4-13DF-41EF-B96A-315E2F9D819D}.Release|Any CPU.ActiveCfg = Release|Any CPU
		{5CB4F7E4-13DF-41EF-B96A-315E2F9D819D}.Release|Any CPU.Build.0 = Release|Any CPU
	EndGlobalSection
	GlobalSection(SolutionProperties) = preSolution
		HideSolutionNode = FALSE
	EndGlobalSection
	GlobalSection(ExtensibilityGlobals) = postSolution
		SolutionGuid = {334D7BFC-01FD-49D2-99C7-21C0FF2499D3}
	EndGlobalSection
EndGlobal
